
Microsoft Visual Studio Solution File, Format Version 12.00
# Visual Studio Version 16
VisualStudioVersion = 16.0.31321.278
MinimumVisualStudioVersion = 10.0.40219.1
Project("{9A19103F-16F7-4668-BE54-9A1E7A4F7556}") = "Legalios", "legalios\Legalios.csproj", "{8B28366F-2B77-4952-A34C-EB8E68D7AA75}"
EndProject
Project("{9A19103F-16F7-4668-BE54-9A1E7A4F7556}") = "LegaliosTests", "legaliosTest\LegaliosTests.csproj", "{6ED74D04-B90C-487D-A0D4-FA3909B4BD2C}"
EndProject
Global
	GlobalSection(SolutionConfigurationPlatforms) = preSolution
		Debug|Any CPU = Debug|Any CPU
		Release|Any CPU = Release|Any CPU
	EndGlobalSection
	GlobalSection(ProjectConfigurationPlatforms) = postSolution
		{8B28366F-2B77-4952-A34C-EB8E68D7AA75}.Debug|Any CPU.ActiveCfg = Debug|Any CPU
		{8B28366F-2B77-4952-A34C-EB8E68D7AA75}.Debug|Any CPU.Build.0 = Debug|Any CPU
		{8B28366F-2B77-4952-A34C-EB8E68D7AA75}.Release|Any CPU.ActiveCfg = Release|Any CPU
		{8B28366F-2B77-4952-A34C-EB8E68D7AA75}.Release|Any CPU.Build.0 = Release|Any CPU
		{6ED74D04-B90C-487D-A0D4-FA3909B4BD2C}.Debug|Any CPU.ActiveCfg = Debug|Any CPU
		{6ED74D04-B90C-487D-A0D4-FA3909B4BD2C}.Debug|Any CPU.Build.0 = Debug|Any CPU
		{6ED74D04-B90C-487D-A0D4-FA3909B4BD2C}.Release|Any CPU.ActiveCfg = Release|Any CPU
		{6ED74D04-B90C-487D-A0D4-FA3909B4BD2C}.Release|Any CPU.Build.0 = Release|Any CPU
	EndGlobalSection
	GlobalSection(SolutionProperties) = preSolution
		HideSolutionNode = FALSE
	EndGlobalSection
	GlobalSection(ExtensibilityGlobals) = postSolution
		SolutionGuid = {979140D5-C856-46CA-A5A5-AE69FC1D2B04}
	EndGlobalSection
EndGlobal
